
Microsoft Visual Studio Solution File, Format Version 12.00
# Visual Studio Version 16
VisualStudioVersion = 16.0.29318.209
MinimumVisualStudioVersion = 10.0.40219.1
Project("{9A19103F-16F7-4668-BE54-9A1E7A4F7556}") = "Food.API", "Food\Food.API\Food.API.csproj", "{859F6CD2-BB2E-42A3-8B50-F57C21E8E024}"
EndProject
Project("{9A19103F-16F7-4668-BE54-9A1E7A4F7556}") = "Food.API.UnitTests", "Food\Food.API.UnitTests\Food.API.UnitTests.csproj", "{EBE2450B-A020-47AF-8143-883ABB8FE5BF}"
EndProject
Project("{2150E333-8FDC-42A3-9474-1A3956D46DE8}") = "Food", "Food", "{31924616-C66E-4E89-BB3A-1C7AB1513C83}"
EndProject
Project("{2150E333-8FDC-42A3-9474-1A3956D46DE8}") = "HistoricEvents", "HistoricEvents", "{65410907-76B5-4D96-9E7D-86E2E78B918C}"
EndProject
Project("{9A19103F-16F7-4668-BE54-9A1E7A4F7556}") = "HistoricEvents.API", "HistoricEvents\HistoricEvents.API\HistoricEvents.API.csproj", "{DCCF5E12-6030-4187-8BDF-B20B165BBCAC}"
EndProject
Project("{2150E333-8FDC-42A3-9474-1A3956D46DE8}") = "Libs", "Libs", "{6428BEF7-024F-4574-9D29-990B713406AB}"
EndProject
Project("{FAE04EC0-301F-11D3-BF4B-00C04F79EFBC}") = "HealthChecks.Publisher.InfluxDB", "Libs\HealthChecks.Publisher.InfluxDB\HealthChecks.Publisher.InfluxDB.csproj", "{8F2126BA-8D75-43BF-927C-8969447C19F5}"
EndProject
Global
	GlobalSection(SolutionConfigurationPlatforms) = preSolution
		Debug|Any CPU = Debug|Any CPU
		Release|Any CPU = Release|Any CPU
	EndGlobalSection
	GlobalSection(ProjectConfigurationPlatforms) = postSolution
		{859F6CD2-BB2E-42A3-8B50-F57C21E8E024}.Debug|Any CPU.ActiveCfg = Debug|Any CPU
		{859F6CD2-BB2E-42A3-8B50-F57C21E8E024}.Debug|Any CPU.Build.0 = Debug|Any CPU
		{859F6CD2-BB2E-42A3-8B50-F57C21E8E024}.Release|Any CPU.ActiveCfg = Release|Any CPU
		{859F6CD2-BB2E-42A3-8B50-F57C21E8E024}.Release|Any CPU.Build.0 = Release|Any CPU
		{EBE2450B-A020-47AF-8143-883ABB8FE5BF}.Debug|Any CPU.ActiveCfg = Debug|Any CPU
		{EBE2450B-A020-47AF-8143-883ABB8FE5BF}.Debug|Any CPU.Build.0 = Debug|Any CPU
		{EBE2450B-A020-47AF-8143-883ABB8FE5BF}.Release|Any CPU.ActiveCfg = Release|Any CPU
		{EBE2450B-A020-47AF-8143-883ABB8FE5BF}.Release|Any CPU.Build.0 = Release|Any CPU
		{DCCF5E12-6030-4187-8BDF-B20B165BBCAC}.Debug|Any CPU.ActiveCfg = Debug|Any CPU
		{DCCF5E12-6030-4187-8BDF-B20B165BBCAC}.Debug|Any CPU.Build.0 = Debug|Any CPU
		{DCCF5E12-6030-4187-8BDF-B20B165BBCAC}.Release|Any CPU.ActiveCfg = Release|Any CPU
		{DCCF5E12-6030-4187-8BDF-B20B165BBCAC}.Release|Any CPU.Build.0 = Release|Any CPU
		{8F2126BA-8D75-43BF-927C-8969447C19F5}.Debug|Any CPU.ActiveCfg = Debug|Any CPU
		{8F2126BA-8D75-43BF-927C-8969447C19F5}.Debug|Any CPU.Build.0 = Debug|Any CPU
		{8F2126BA-8D75-43BF-927C-8969447C19F5}.Release|Any CPU.ActiveCfg = Release|Any CPU
		{8F2126BA-8D75-43BF-927C-8969447C19F5}.Release|Any CPU.Build.0 = Release|Any CPU
	EndGlobalSection
	GlobalSection(SolutionProperties) = preSolution
		HideSolutionNode = FALSE
	EndGlobalSection
	GlobalSection(NestedProjects) = preSolution
		{859F6CD2-BB2E-42A3-8B50-F57C21E8E024} = {31924616-C66E-4E89-BB3A-1C7AB1513C83}
		{EBE2450B-A020-47AF-8143-883ABB8FE5BF} = {31924616-C66E-4E89-BB3A-1C7AB1513C83}
		{DCCF5E12-6030-4187-8BDF-B20B165BBCAC} = {65410907-76B5-4D96-9E7D-86E2E78B918C}
		{8F2126BA-8D75-43BF-927C-8969447C19F5} = {6428BEF7-024F-4574-9D29-990B713406AB}
	EndGlobalSection
	GlobalSection(ExtensibilityGlobals) = postSolution
		SolutionGuid = {34868541-E39B-446C-935B-C0F838B5DEC3}
	EndGlobalSection
EndGlobal
